// !$*UTF8*$!
{
	archiveVersion = 1;
	classes = {
	};
	objectVersion = 56;
	objects = {

/* Begin PBXBuildFile section */
		437AB3482A444A0E00820508 /* AppDelegate.swift in Sources */ = {isa = PBXBuildFile; fileRef = 437AB3472A444A0E00820508 /* AppDelegate.swift */; };
		437AB3522A444A0E00820508 /* MyWeatherApp.xcdatamodeld in Sources */ = {isa = PBXBuildFile; fileRef = 437AB3502A444A0E00820508 /* MyWeatherApp.xcdatamodeld */; };
		437AB3542A444A1000820508 /* Assets.xcassets in Resources */ = {isa = PBXBuildFile; fileRef = 437AB3532A444A1000820508 /* Assets.xcassets */; };
		437AB3572A444A1000820508 /* LaunchScreen.storyboard in Resources */ = {isa = PBXBuildFile; fileRef = 437AB3552A444A1000820508 /* LaunchScreen.storyboard */; };
		437AB3622A444A1000820508 /* MyWeatherAppTests.swift in Sources */ = {isa = PBXBuildFile; fileRef = 437AB3612A444A1000820508 /* MyWeatherAppTests.swift */; };
		437AB36C2A444A1000820508 /* MyWeatherAppUITests.swift in Sources */ = {isa = PBXBuildFile; fileRef = 437AB36B2A444A1000820508 /* MyWeatherAppUITests.swift */; };
		437AB36E2A444A1000820508 /* MyWeatherAppUITestsLaunchTests.swift in Sources */ = {isa = PBXBuildFile; fileRef = 437AB36D2A444A1000820508 /* MyWeatherAppUITestsLaunchTests.swift */; };
		43A6F34E2A49D187008B6BB5 /* MyWeatherLib in Frameworks */ = {isa = PBXBuildFile; productRef = 43A6F34D2A49D187008B6BB5 /* MyWeatherLib */; };
		43A6F3542A49DFE2008B6BB5 /* Constants.swift in Sources */ = {isa = PBXBuildFile; fileRef = 43A6F3532A49DFE2008B6BB5 /* Constants.swift */; };
		43A6F3572A49E2D3008B6BB5 /* Utilities.swift in Sources */ = {isa = PBXBuildFile; fileRef = 43A6F3562A49E2D3008B6BB5 /* Utilities.swift */; };
		43A6F35A2A49E8CB008B6BB5 /* BaseViewController.swift in Sources */ = {isa = PBXBuildFile; fileRef = 43A6F3592A49E8CB008B6BB5 /* BaseViewController.swift */; };
		43A6F35E2A4A99D3008B6BB5 /* Dynamic.swift in Sources */ = {isa = PBXBuildFile; fileRef = 43A6F35D2A4A99D3008B6BB5 /* Dynamic.swift */; };
		43A6F3622A4A9A2E008B6BB5 /* Extensions.swift in Sources */ = {isa = PBXBuildFile; fileRef = 43A6F3612A4A9A2E008B6BB5 /* Extensions.swift */; };
		43A6F3682A4A9FAD008B6BB5 /* CityWeatherDetailViewController.swift in Sources */ = {isa = PBXBuildFile; fileRef = 43A6F3672A4A9FAD008B6BB5 /* CityWeatherDetailViewController.swift */; };
		43A6F36A2A4AA0A9008B6BB5 /* CityWeatherDetailView.xib in Resources */ = {isa = PBXBuildFile; fileRef = 43A6F3692A4AA0A9008B6BB5 /* CityWeatherDetailView.xib */; };
		43A6F36C2A4AA5B6008B6BB5 /* LICENSE in Resources */ = {isa = PBXBuildFile; fileRef = 43A6F36B2A4AA5B6008B6BB5 /* LICENSE */; };
		43A6F36E2A4AA6AD008B6BB5 /* CityWeatherDetailViewModel.swift in Sources */ = {isa = PBXBuildFile; fileRef = 43A6F36D2A4AA6AD008B6BB5 /* CityWeatherDetailViewModel.swift */; };
		43A6F3702A4AB004008B6BB5 /* NetworkReachability.swift in Sources */ = {isa = PBXBuildFile; fileRef = 43A6F36F2A4AB004008B6BB5 /* NetworkReachability.swift */; };
		43A6F3742A4AB4DF008B6BB5 /* AddCityViewController.swift in Sources */ = {isa = PBXBuildFile; fileRef = 43A6F3732A4AB4DF008B6BB5 /* AddCityViewController.swift */; };
		43A6F3782A4AB697008B6BB5 /* AddCityView.xib in Resources */ = {isa = PBXBuildFile; fileRef = 43A6F3772A4AB697008B6BB5 /* AddCityView.xib */; };
		43A6F37A2A4AB745008B6BB5 /* AddCityViewModel.swift in Sources */ = {isa = PBXBuildFile; fileRef = 43A6F3792A4AB745008B6BB5 /* AddCityViewModel.swift */; };
		43A6F3852A4ABA70008B6BB5 /* OfflineBannerView.xib in Resources */ = {isa = PBXBuildFile; fileRef = 43A6F3832A4ABA70008B6BB5 /* OfflineBannerView.xib */; };
		43A6F3862A4ABA70008B6BB5 /* OfflineBannerView.swift in Sources */ = {isa = PBXBuildFile; fileRef = 43A6F3842A4ABA70008B6BB5 /* OfflineBannerView.swift */; };
		43A6F38F2A4AC02F008B6BB5 /* CityListViewController.swift in Sources */ = {isa = PBXBuildFile; fileRef = 43A6F38E2A4AC02F008B6BB5 /* CityListViewController.swift */; };
		43A6F3912A4AC096008B6BB5 /* CityListView.xib in Resources */ = {isa = PBXBuildFile; fileRef = 43A6F3902A4AC096008B6BB5 /* CityListView.xib */; };
		43A6F3932A4AC127008B6BB5 /* CityListViewModel.swift in Sources */ = {isa = PBXBuildFile; fileRef = 43A6F3922A4AC127008B6BB5 /* CityListViewModel.swift */; };
		43A6F3952A4AC1A7008B6BB5 /* CityTableViewCell.swift in Sources */ = {isa = PBXBuildFile; fileRef = 43A6F3942A4AC1A7008B6BB5 /* CityTableViewCell.swift */; };
		43A6F3972A4AC1EE008B6BB5 /* CityTableViewCell.xib in Resources */ = {isa = PBXBuildFile; fileRef = 43A6F3962A4AC1EE008B6BB5 /* CityTableViewCell.xib */; };
/* End PBXBuildFile section */

/* Begin PBXContainerItemProxy section */
		437AB35E2A444A1000820508 /* PBXContainerItemProxy */ = {
			isa = PBXContainerItemProxy;
			containerPortal = 437AB33C2A444A0E00820508 /* Project object */;
			proxyType = 1;
			remoteGlobalIDString = 437AB3432A444A0E00820508;
			remoteInfo = MyWeatherApp;
		};
		437AB3682A444A1000820508 /* PBXContainerItemProxy */ = {
			isa = PBXContainerItemProxy;
			containerPortal = 437AB33C2A444A0E00820508 /* Project object */;
			proxyType = 1;
			remoteGlobalIDString = 437AB3432A444A0E00820508;
			remoteInfo = MyWeatherApp;
		};
/* End PBXContainerItemProxy section */

/* Begin PBXFileReference section */
		437AB3442A444A0E00820508 /* MyWeatherApp.app */ = {isa = PBXFileReference; explicitFileType = wrapper.application; includeInIndex = 0; path = MyWeatherApp.app; sourceTree = BUILT_PRODUCTS_DIR; };
		437AB3472A444A0E00820508 /* AppDelegate.swift */ = {isa = PBXFileReference; lastKnownFileType = sourcecode.swift; path = AppDelegate.swift; sourceTree = "<group>"; };
		437AB3512A444A0E00820508 /* MyWeatherApp.xcdatamodel */ = {isa = PBXFileReference; lastKnownFileType = wrapper.xcdatamodel; path = MyWeatherApp.xcdatamodel; sourceTree = "<group>"; };
		437AB3532A444A1000820508 /* Assets.xcassets */ = {isa = PBXFileReference; lastKnownFileType = folder.assetcatalog; path = Assets.xcassets; sourceTree = "<group>"; };
		437AB3562A444A1000820508 /* Base */ = {isa = PBXFileReference; lastKnownFileType = file.storyboard; name = Base; path = Base.lproj/LaunchScreen.storyboard; sourceTree = "<group>"; };
		437AB3582A444A1000820508 /* Info.plist */ = {isa = PBXFileReference; lastKnownFileType = text.plist.xml; path = Info.plist; sourceTree = "<group>"; };
		437AB35D2A444A1000820508 /* MyWeatherAppTests.xctest */ = {isa = PBXFileReference; explicitFileType = wrapper.cfbundle; includeInIndex = 0; path = MyWeatherAppTests.xctest; sourceTree = BUILT_PRODUCTS_DIR; };
		437AB3612A444A1000820508 /* MyWeatherAppTests.swift */ = {isa = PBXFileReference; lastKnownFileType = sourcecode.swift; path = MyWeatherAppTests.swift; sourceTree = "<group>"; };
		437AB3672A444A1000820508 /* MyWeatherAppUITests.xctest */ = {isa = PBXFileReference; explicitFileType = wrapper.cfbundle; includeInIndex = 0; path = MyWeatherAppUITests.xctest; sourceTree = BUILT_PRODUCTS_DIR; };
		437AB36B2A444A1000820508 /* MyWeatherAppUITests.swift */ = {isa = PBXFileReference; lastKnownFileType = sourcecode.swift; path = MyWeatherAppUITests.swift; sourceTree = "<group>"; };
		437AB36D2A444A1000820508 /* MyWeatherAppUITestsLaunchTests.swift */ = {isa = PBXFileReference; lastKnownFileType = sourcecode.swift; path = MyWeatherAppUITestsLaunchTests.swift; sourceTree = "<group>"; };
		43A6F3502A49D60F008B6BB5 /* PersistenceManager.swift */ = {isa = PBXFileReference; lastKnownFileType = sourcecode.swift; path = PersistenceManager.swift; sourceTree = "<group>"; };
		43A6F3532A49DFE2008B6BB5 /* Constants.swift */ = {isa = PBXFileReference; lastKnownFileType = sourcecode.swift; path = Constants.swift; sourceTree = "<group>"; };
		43A6F3562A49E2D3008B6BB5 /* Utilities.swift */ = {isa = PBXFileReference; lastKnownFileType = sourcecode.swift; path = Utilities.swift; sourceTree = "<group>"; };
		43A6F3592A49E8CB008B6BB5 /* BaseViewController.swift */ = {isa = PBXFileReference; lastKnownFileType = sourcecode.swift; path = BaseViewController.swift; sourceTree = "<group>"; };
		43A6F35D2A4A99D3008B6BB5 /* Dynamic.swift */ = {isa = PBXFileReference; lastKnownFileType = sourcecode.swift; path = Dynamic.swift; sourceTree = "<group>"; };
		43A6F3612A4A9A2E008B6BB5 /* Extensions.swift */ = {isa = PBXFileReference; lastKnownFileType = sourcecode.swift; path = Extensions.swift; sourceTree = "<group>"; };
		43A6F3672A4A9FAD008B6BB5 /* CityWeatherDetailViewController.swift */ = {isa = PBXFileReference; lastKnownFileType = sourcecode.swift; path = CityWeatherDetailViewController.swift; sourceTree = "<group>"; };
		43A6F3692A4AA0A9008B6BB5 /* CityWeatherDetailView.xib */ = {isa = PBXFileReference; fileEncoding = 4; lastKnownFileType = file.xib; path = CityWeatherDetailView.xib; sourceTree = "<group>"; };
		43A6F36B2A4AA5B6008B6BB5 /* LICENSE */ = {isa = PBXFileReference; fileEncoding = 4; lastKnownFileType = text; path = LICENSE; sourceTree = "<group>"; };
		43A6F36D2A4AA6AD008B6BB5 /* CityWeatherDetailViewModel.swift */ = {isa = PBXFileReference; lastKnownFileType = sourcecode.swift; path = CityWeatherDetailViewModel.swift; sourceTree = "<group>"; };
		43A6F36F2A4AB004008B6BB5 /* NetworkReachability.swift */ = {isa = PBXFileReference; lastKnownFileType = sourcecode.swift; path = NetworkReachability.swift; sourceTree = "<group>"; };
		43A6F3732A4AB4DF008B6BB5 /* AddCityViewController.swift */ = {isa = PBXFileReference; lastKnownFileType = sourcecode.swift; path = AddCityViewController.swift; sourceTree = "<group>"; };
		43A6F3772A4AB697008B6BB5 /* AddCityView.xib */ = {isa = PBXFileReference; fileEncoding = 4; lastKnownFileType = file.xib; path = AddCityView.xib; sourceTree = "<group>"; };
		43A6F3792A4AB745008B6BB5 /* AddCityViewModel.swift */ = {isa = PBXFileReference; lastKnownFileType = sourcecode.swift; path = AddCityViewModel.swift; sourceTree = "<group>"; };
		43A6F3832A4ABA70008B6BB5 /* OfflineBannerView.xib */ = {isa = PBXFileReference; fileEncoding = 4; lastKnownFileType = file.xib; path = OfflineBannerView.xib; sourceTree = "<group>"; };
		43A6F3842A4ABA70008B6BB5 /* OfflineBannerView.swift */ = {isa = PBXFileReference; fileEncoding = 4; lastKnownFileType = sourcecode.swift; path = OfflineBannerView.swift; sourceTree = "<group>"; };
		43A6F38E2A4AC02F008B6BB5 /* CityListViewController.swift */ = {isa = PBXFileReference; lastKnownFileType = sourcecode.swift; path = CityListViewController.swift; sourceTree = "<group>"; };
		43A6F3902A4AC096008B6BB5 /* CityListView.xib */ = {isa = PBXFileReference; fileEncoding = 4; lastKnownFileType = file.xib; path = CityListView.xib; sourceTree = "<group>"; };
		43A6F3922A4AC127008B6BB5 /* CityListViewModel.swift */ = {isa = PBXFileReference; lastKnownFileType = sourcecode.swift; path = CityListViewModel.swift; sourceTree = "<group>"; };
		43A6F3942A4AC1A7008B6BB5 /* CityTableViewCell.swift */ = {isa = PBXFileReference; lastKnownFileType = sourcecode.swift; path = CityTableViewCell.swift; sourceTree = "<group>"; };
		43A6F3962A4AC1EE008B6BB5 /* CityTableViewCell.xib */ = {isa = PBXFileReference; fileEncoding = 4; lastKnownFileType = file.xib; path = CityTableViewCell.xib; sourceTree = "<group>"; };
/* End PBXFileReference section */

/* Begin PBXFrameworksBuildPhase section */
		437AB3412A444A0E00820508 /* Frameworks */ = {
			isa = PBXFrameworksBuildPhase;
			buildActionMask = 2147483647;
			files = (
				43A6F34E2A49D187008B6BB5 /* MyWeatherLib in Frameworks */,
			);
			runOnlyForDeploymentPostprocessing = 0;
		};
		437AB35A2A444A1000820508 /* Frameworks */ = {
			isa = PBXFrameworksBuildPhase;
			buildActionMask = 2147483647;
			files = (
			);
			runOnlyForDeploymentPostprocessing = 0;
		};
		437AB3642A444A1000820508 /* Frameworks */ = {
			isa = PBXFrameworksBuildPhase;
			buildActionMask = 2147483647;
			files = (
			);
			runOnlyForDeploymentPostprocessing = 0;
		};
/* End PBXFrameworksBuildPhase section */

/* Begin PBXGroup section */
		437AB33B2A444A0E00820508 = {
			isa = PBXGroup;
			children = (
				43A6F36B2A4AA5B6008B6BB5 /* LICENSE */,
				437AB3462A444A0E00820508 /* MyWeatherApp */,
				437AB3602A444A1000820508 /* MyWeatherAppTests */,
				437AB36A2A444A1000820508 /* MyWeatherAppUITests */,
				437AB3452A444A0E00820508 /* Products */,
			);
			sourceTree = "<group>";
		};
		437AB3452A444A0E00820508 /* Products */ = {
			isa = PBXGroup;
			children = (
				437AB3442A444A0E00820508 /* MyWeatherApp.app */,
				437AB35D2A444A1000820508 /* MyWeatherAppTests.xctest */,
				437AB3672A444A1000820508 /* MyWeatherAppUITests.xctest */,
			);
			name = Products;
			sourceTree = "<group>";
		};
		437AB3462A444A0E00820508 /* MyWeatherApp */ = {
			isa = PBXGroup;
			children = (
				437AB3472A444A0E00820508 /* AppDelegate.swift */,
				43A6F3522A49DD98008B6BB5 /* Utils */,
				43A6F34F2A49D5CB008B6BB5 /* Persistence Layer */,
				43A6F3582A49E433008B6BB5 /* Scenes */,
				437AB3552A444A1000820508 /* LaunchScreen.storyboard */,
				437AB3532A444A1000820508 /* Assets.xcassets */,
				437AB3582A444A1000820508 /* Info.plist */,
				437AB3502A444A0E00820508 /* MyWeatherApp.xcdatamodeld */,
			);
			path = MyWeatherApp;
			sourceTree = "<group>";
		};
		437AB3602A444A1000820508 /* MyWeatherAppTests */ = {
			isa = PBXGroup;
			children = (
				437AB3612A444A1000820508 /* MyWeatherAppTests.swift */,
			);
			path = MyWeatherAppTests;
			sourceTree = "<group>";
		};
		437AB36A2A444A1000820508 /* MyWeatherAppUITests */ = {
			isa = PBXGroup;
			children = (
				437AB36B2A444A1000820508 /* MyWeatherAppUITests.swift */,
				437AB36D2A444A1000820508 /* MyWeatherAppUITestsLaunchTests.swift */,
			);
			path = MyWeatherAppUITests;
			sourceTree = "<group>";
		};
		43A6F34F2A49D5CB008B6BB5 /* Persistence Layer */ = {
			isa = PBXGroup;
			children = (
				43A6F3502A49D60F008B6BB5 /* PersistenceManager.swift */,
			);
			path = "Persistence Layer";
			sourceTree = "<group>";
		};
		43A6F3522A49DD98008B6BB5 /* Utils */ = {
			isa = PBXGroup;
			children = (
				43A6F3532A49DFE2008B6BB5 /* Constants.swift */,
				43A6F3562A49E2D3008B6BB5 /* Utilities.swift */,
				43A6F35D2A4A99D3008B6BB5 /* Dynamic.swift */,
				43A6F3612A4A9A2E008B6BB5 /* Extensions.swift */,
				43A6F36F2A4AB004008B6BB5 /* NetworkReachability.swift */,
			);
			path = Utils;
			sourceTree = "<group>";
		};
		43A6F3582A49E433008B6BB5 /* Scenes */ = {
			isa = PBXGroup;
			children = (
				43A6F3812A4ABA3C008B6BB5 /* Custom Componant */,
				43A6F3712A4AB4A2008B6BB5 /* AddCity */,
				43A6F3632A4A9C24008B6BB5 /* CityWeatherDetail */,
				43A6F3892A4ABCD6008B6BB5 /* CityList */,
				43A6F3592A49E8CB008B6BB5 /* BaseViewController.swift */,
			);
			path = Scenes;
			sourceTree = "<group>";
		};
		43A6F3632A4A9C24008B6BB5 /* CityWeatherDetail */ = {
			isa = PBXGroup;
			children = (
				43A6F3642A4A9C4A008B6BB5 /* ViewController */,
				43A6F3652A4A9C58008B6BB5 /* View */,
				43A6F3662A4A9C7E008B6BB5 /* ViewModel */,
			);
			path = CityWeatherDetail;
			sourceTree = "<group>";
		};
		43A6F3642A4A9C4A008B6BB5 /* ViewController */ = {
			isa = PBXGroup;
			children = (
				43A6F3672A4A9FAD008B6BB5 /* CityWeatherDetailViewController.swift */,
			);
			path = ViewController;
			sourceTree = "<group>";
		};
		43A6F3652A4A9C58008B6BB5 /* View */ = {
			isa = PBXGroup;
			children = (
				43A6F3692A4AA0A9008B6BB5 /* CityWeatherDetailView.xib */,
			);
			path = View;
			sourceTree = "<group>";
		};
		43A6F3662A4A9C7E008B6BB5 /* ViewModel */ = {
			isa = PBXGroup;
			children = (
				43A6F36D2A4AA6AD008B6BB5 /* CityWeatherDetailViewModel.swift */,
			);
			path = ViewModel;
			sourceTree = "<group>";
		};
		43A6F3712A4AB4A2008B6BB5 /* AddCity */ = {
			isa = PBXGroup;
			children = (
				43A6F3722A4AB4C7008B6BB5 /* ViewController */,
				43A6F3752A4AB51B008B6BB5 /* View */,
				43A6F3762A4AB522008B6BB5 /* ViewModel */,
			);
			path = AddCity;
			sourceTree = "<group>";
		};
		43A6F3722A4AB4C7008B6BB5 /* ViewController */ = {
			isa = PBXGroup;
			children = (
				43A6F3732A4AB4DF008B6BB5 /* AddCityViewController.swift */,
			);
			path = ViewController;
			sourceTree = "<group>";
		};
		43A6F3752A4AB51B008B6BB5 /* View */ = {
			isa = PBXGroup;
			children = (
				43A6F3772A4AB697008B6BB5 /* AddCityView.xib */,
			);
			path = View;
			sourceTree = "<group>";
		};
		43A6F3762A4AB522008B6BB5 /* ViewModel */ = {
			isa = PBXGroup;
			children = (
				43A6F3792A4AB745008B6BB5 /* AddCityViewModel.swift */,
			);
			path = ViewModel;
			sourceTree = "<group>";
		};
		43A6F3812A4ABA3C008B6BB5 /* Custom Componant */ = {
			isa = PBXGroup;
			children = (
				43A6F3822A4ABA4D008B6BB5 /* Offline banner view */,
			);
			path = "Custom Componant";
			sourceTree = "<group>";
		};
		43A6F3822A4ABA4D008B6BB5 /* Offline banner view */ = {
			isa = PBXGroup;
			children = (
				43A6F3842A4ABA70008B6BB5 /* OfflineBannerView.swift */,
				43A6F3832A4ABA70008B6BB5 /* OfflineBannerView.xib */,
			);
			path = "Offline banner view";
			sourceTree = "<group>";
		};
		43A6F3892A4ABCD6008B6BB5 /* CityList */ = {
			isa = PBXGroup;
			children = (
				43A6F38C2A4ABF8E008B6BB5 /* ViewController */,
				43A6F38B2A4ABF87008B6BB5 /* View */,
				43A6F38A2A4ABF7E008B6BB5 /* ViewModel */,
			);
			path = CityList;
			sourceTree = "<group>";
		};
		43A6F38A2A4ABF7E008B6BB5 /* ViewModel */ = {
			isa = PBXGroup;
			children = (
				43A6F3922A4AC127008B6BB5 /* CityListViewModel.swift */,
			);
			path = ViewModel;
			sourceTree = "<group>";
		};
		43A6F38B2A4ABF87008B6BB5 /* View */ = {
			isa = PBXGroup;
			children = (
				43A6F3902A4AC096008B6BB5 /* CityListView.xib */,
				43A6F38D2A4ABFAA008B6BB5 /* Cells */,
			);
			path = View;
			sourceTree = "<group>";
		};
		43A6F38C2A4ABF8E008B6BB5 /* ViewController */ = {
			isa = PBXGroup;
			children = (
				43A6F38E2A4AC02F008B6BB5 /* CityListViewController.swift */,
			);
			path = ViewController;
			sourceTree = "<group>";
		};
		43A6F38D2A4ABFAA008B6BB5 /* Cells */ = {
			isa = PBXGroup;
			children = (
				43A6F3962A4AC1EE008B6BB5 /* CityTableViewCell.xib */,
				43A6F3942A4AC1A7008B6BB5 /* CityTableViewCell.swift */,
			);
			path = Cells;
			sourceTree = "<group>";
		};
/* End PBXGroup section */

/* Begin PBXNativeTarget section */
		437AB3432A444A0E00820508 /* MyWeatherApp */ = {
			isa = PBXNativeTarget;
			buildConfigurationList = 437AB3712A444A1000820508 /* Build configuration list for PBXNativeTarget "MyWeatherApp" */;
			buildPhases = (
				437AB3402A444A0E00820508 /* Sources */,
				437AB3412A444A0E00820508 /* Frameworks */,
				437AB3422A444A0E00820508 /* Resources */,
			);
			buildRules = (
			);
			dependencies = (
			);
			name = MyWeatherApp;
			packageProductDependencies = (
				43A6F34D2A49D187008B6BB5 /* MyWeatherLib */,
			);
			productName = MyWeatherApp;
			productReference = 437AB3442A444A0E00820508 /* MyWeatherApp.app */;
			productType = "com.apple.product-type.application";
		};
		437AB35C2A444A1000820508 /* MyWeatherAppTests */ = {
			isa = PBXNativeTarget;
			buildConfigurationList = 437AB3742A444A1000820508 /* Build configuration list for PBXNativeTarget "MyWeatherAppTests" */;
			buildPhases = (
				437AB3592A444A1000820508 /* Sources */,
				437AB35A2A444A1000820508 /* Frameworks */,
				437AB35B2A444A1000820508 /* Resources */,
			);
			buildRules = (
			);
			dependencies = (
				437AB35F2A444A1000820508 /* PBXTargetDependency */,
			);
			name = MyWeatherAppTests;
			productName = MyWeatherAppTests;
			productReference = 437AB35D2A444A1000820508 /* MyWeatherAppTests.xctest */;
			productType = "com.apple.product-type.bundle.unit-test";
		};
		437AB3662A444A1000820508 /* MyWeatherAppUITests */ = {
			isa = PBXNativeTarget;
			buildConfigurationList = 437AB3772A444A1000820508 /* Build configuration list for PBXNativeTarget "MyWeatherAppUITests" */;
			buildPhases = (
				437AB3632A444A1000820508 /* Sources */,
				437AB3642A444A1000820508 /* Frameworks */,
				437AB3652A444A1000820508 /* Resources */,
			);
			buildRules = (
			);
			dependencies = (
				437AB3692A444A1000820508 /* PBXTargetDependency */,
			);
			name = MyWeatherAppUITests;
			productName = MyWeatherAppUITests;
			productReference = 437AB3672A444A1000820508 /* MyWeatherAppUITests.xctest */;
			productType = "com.apple.product-type.bundle.ui-testing";
		};
/* End PBXNativeTarget section */

/* Begin PBXProject section */
		437AB33C2A444A0E00820508 /* Project object */ = {
			isa = PBXProject;
			attributes = {
				BuildIndependentTargetsInParallel = 1;
				LastSwiftUpdateCheck = 1430;
				LastUpgradeCheck = 1430;
				TargetAttributes = {
					437AB3432A444A0E00820508 = {
						CreatedOnToolsVersion = 14.3.1;
					};
					437AB35C2A444A1000820508 = {
						CreatedOnToolsVersion = 14.3.1;
						TestTargetID = 437AB3432A444A0E00820508;
					};
					437AB3662A444A1000820508 = {
						CreatedOnToolsVersion = 14.3.1;
						TestTargetID = 437AB3432A444A0E00820508;
					};
				};
			};
			buildConfigurationList = 437AB33F2A444A0E00820508 /* Build configuration list for PBXProject "MyWeatherApp" */;
			compatibilityVersion = "Xcode 14.0";
			developmentRegion = en;
			hasScannedForEncodings = 0;
			knownRegions = (
				en,
				Base,
			);
			mainGroup = 437AB33B2A444A0E00820508;
			packageReferences = (
				43A6F34C2A49D187008B6BB5 /* XCRemoteSwiftPackageReference "MyWeatherLib" */,
			);
			productRefGroup = 437AB3452A444A0E00820508 /* Products */;
			projectDirPath = "";
			projectRoot = "";
			targets = (
				437AB3432A444A0E00820508 /* MyWeatherApp */,
				437AB35C2A444A1000820508 /* MyWeatherAppTests */,
				437AB3662A444A1000820508 /* MyWeatherAppUITests */,
			);
		};
/* End PBXProject section */

/* Begin PBXResourcesBuildPhase section */
		437AB3422A444A0E00820508 /* Resources */ = {
			isa = PBXResourcesBuildPhase;
			buildActionMask = 2147483647;
			files = (
				43A6F3782A4AB697008B6BB5 /* AddCityView.xib in Resources */,
				437AB3572A444A1000820508 /* LaunchScreen.storyboard in Resources */,
				43A6F3972A4AC1EE008B6BB5 /* CityTableViewCell.xib in Resources */,
				43A6F3852A4ABA70008B6BB5 /* OfflineBannerView.xib in Resources */,
				43A6F36A2A4AA0A9008B6BB5 /* CityWeatherDetailView.xib in Resources */,
				43A6F3912A4AC096008B6BB5 /* CityListView.xib in Resources */,
				43A6F36C2A4AA5B6008B6BB5 /* LICENSE in Resources */,
				437AB3542A444A1000820508 /* Assets.xcassets in Resources */,
			);
			runOnlyForDeploymentPostprocessing = 0;
		};
		437AB35B2A444A1000820508 /* Resources */ = {
			isa = PBXResourcesBuildPhase;
			buildActionMask = 2147483647;
			files = (
			);
			runOnlyForDeploymentPostprocessing = 0;
		};
		437AB3652A444A1000820508 /* Resources */ = {
			isa = PBXResourcesBuildPhase;
			buildActionMask = 2147483647;
			files = (
			);
			runOnlyForDeploymentPostprocessing = 0;
		};
/* End PBXResourcesBuildPhase section */

/* Begin PBXSourcesBuildPhase section */
		437AB3402A444A0E00820508 /* Sources */ = {
			isa = PBXSourcesBuildPhase;
			buildActionMask = 2147483647;
			files = (
				437AB3522A444A0E00820508 /* MyWeatherApp.xcdatamodeld in Sources */,
				437AB3482A444A0E00820508 /* AppDelegate.swift in Sources */,
				43A6F3702A4AB004008B6BB5 /* NetworkReachability.swift in Sources */,
				43A6F3622A4A9A2E008B6BB5 /* Extensions.swift in Sources */,
				43A6F36E2A4AA6AD008B6BB5 /* CityWeatherDetailViewModel.swift in Sources */,
				43A6F35E2A4A99D3008B6BB5 /* Dynamic.swift in Sources */,
				43A6F3572A49E2D3008B6BB5 /* Utilities.swift in Sources */,
				43A6F38F2A4AC02F008B6BB5 /* CityListViewController.swift in Sources */,
				43A6F3742A4AB4DF008B6BB5 /* AddCityViewController.swift in Sources */,
				43A6F3682A4A9FAD008B6BB5 /* CityWeatherDetailViewController.swift in Sources */,
				43A6F3542A49DFE2008B6BB5 /* Constants.swift in Sources */,
				43A6F3862A4ABA70008B6BB5 /* OfflineBannerView.swift in Sources */,
				43A6F3932A4AC127008B6BB5 /* CityListViewModel.swift in Sources */,
				43A6F35A2A49E8CB008B6BB5 /* BaseViewController.swift in Sources */,
				43A6F3952A4AC1A7008B6BB5 /* CityTableViewCell.swift in Sources */,
				43A6F37A2A4AB745008B6BB5 /* AddCityViewModel.swift in Sources */,
			);
			runOnlyForDeploymentPostprocessing = 0;
		};
		437AB3592A444A1000820508 /* Sources */ = {
			isa = PBXSourcesBuildPhase;
			buildActionMask = 2147483647;
			files = (
				437AB3622A444A1000820508 /* MyWeatherAppTests.swift in Sources */,
			);
			runOnlyForDeploymentPostprocessing = 0;
		};
		437AB3632A444A1000820508 /* Sources */ = {
			isa = PBXSourcesBuildPhase;
			buildActionMask = 2147483647;
			files = (
				437AB36C2A444A1000820508 /* MyWeatherAppUITests.swift in Sources */,
				437AB36E2A444A1000820508 /* MyWeatherAppUITestsLaunchTests.swift in Sources */,
			);
			runOnlyForDeploymentPostprocessing = 0;
		};
/* End PBXSourcesBuildPhase section */

/* Begin PBXTargetDependency section */
		437AB35F2A444A1000820508 /* PBXTargetDependency */ = {
			isa = PBXTargetDependency;
			target = 437AB3432A444A0E00820508 /* MyWeatherApp */;
			targetProxy = 437AB35E2A444A1000820508 /* PBXContainerItemProxy */;
		};
		437AB3692A444A1000820508 /* PBXTargetDependency */ = {
			isa = PBXTargetDependency;
			target = 437AB3432A444A0E00820508 /* MyWeatherApp */;
			targetProxy = 437AB3682A444A1000820508 /* PBXContainerItemProxy */;
		};
/* End PBXTargetDependency section */

/* Begin PBXVariantGroup section */
		437AB3552A444A1000820508 /* LaunchScreen.storyboard */ = {
			isa = PBXVariantGroup;
			children = (
				437AB3562A444A1000820508 /* Base */,
			);
			name = LaunchScreen.storyboard;
			sourceTree = "<group>";
		};
/* End PBXVariantGroup section */

/* Begin XCBuildConfiguration section */
		437AB36F2A444A1000820508 /* Debug */ = {
			isa = XCBuildConfiguration;
			buildSettings = {
				ALWAYS_SEARCH_USER_PATHS = NO;
				CLANG_ANALYZER_NONNULL = YES;
				CLANG_ANALYZER_NUMBER_OBJECT_CONVERSION = YES_AGGRESSIVE;
				CLANG_CXX_LANGUAGE_STANDARD = "gnu++20";
				CLANG_ENABLE_MODULES = YES;
				CLANG_ENABLE_OBJC_ARC = YES;
				CLANG_ENABLE_OBJC_WEAK = YES;
				CLANG_WARN_BLOCK_CAPTURE_AUTORELEASING = YES;
				CLANG_WARN_BOOL_CONVERSION = YES;
				CLANG_WARN_COMMA = YES;
				CLANG_WARN_CONSTANT_CONVERSION = YES;
				CLANG_WARN_DEPRECATED_OBJC_IMPLEMENTATIONS = YES;
				CLANG_WARN_DIRECT_OBJC_ISA_USAGE = YES_ERROR;
				CLANG_WARN_DOCUMENTATION_COMMENTS = YES;
				CLANG_WARN_EMPTY_BODY = YES;
				CLANG_WARN_ENUM_CONVERSION = YES;
				CLANG_WARN_INFINITE_RECURSION = YES;
				CLANG_WARN_INT_CONVERSION = YES;
				CLANG_WARN_NON_LITERAL_NULL_CONVERSION = YES;
				CLANG_WARN_OBJC_IMPLICIT_RETAIN_SELF = YES;
				CLANG_WARN_OBJC_LITERAL_CONVERSION = YES;
				CLANG_WARN_OBJC_ROOT_CLASS = YES_ERROR;
				CLANG_WARN_QUOTED_INCLUDE_IN_FRAMEWORK_HEADER = YES;
				CLANG_WARN_RANGE_LOOP_ANALYSIS = YES;
				CLANG_WARN_STRICT_PROTOTYPES = YES;
				CLANG_WARN_SUSPICIOUS_MOVE = YES;
				CLANG_WARN_UNGUARDED_AVAILABILITY = YES_AGGRESSIVE;
				CLANG_WARN_UNREACHABLE_CODE = YES;
				CLANG_WARN__DUPLICATE_METHOD_MATCH = YES;
				COPY_PHASE_STRIP = NO;
				DEBUG_INFORMATION_FORMAT = dwarf;
				ENABLE_STRICT_OBJC_MSGSEND = YES;
				ENABLE_TESTABILITY = YES;
				GCC_C_LANGUAGE_STANDARD = gnu11;
				GCC_DYNAMIC_NO_PIC = NO;
				GCC_NO_COMMON_BLOCKS = YES;
				GCC_OPTIMIZATION_LEVEL = 0;
				GCC_PREPROCESSOR_DEFINITIONS = (
					"DEBUG=1",
					"$(inherited)",
				);
				GCC_WARN_64_TO_32_BIT_CONVERSION = YES;
				GCC_WARN_ABOUT_RETURN_TYPE = YES_ERROR;
				GCC_WARN_UNDECLARED_SELECTOR = YES;
				GCC_WARN_UNINITIALIZED_AUTOS = YES_AGGRESSIVE;
				GCC_WARN_UNUSED_FUNCTION = YES;
				GCC_WARN_UNUSED_VARIABLE = YES;
				IPHONEOS_DEPLOYMENT_TARGET = 16.4;
				MTL_ENABLE_DEBUG_INFO = INCLUDE_SOURCE;
				MTL_FAST_MATH = YES;
				ONLY_ACTIVE_ARCH = YES;
				SDKROOT = iphoneos;
				SWIFT_ACTIVE_COMPILATION_CONDITIONS = DEBUG;
				SWIFT_OPTIMIZATION_LEVEL = "-Onone";
			};
			name = Debug;
		};
		437AB3702A444A1000820508 /* Release */ = {
			isa = XCBuildConfiguration;
			buildSettings = {
				ALWAYS_SEARCH_USER_PATHS = NO;
				CLANG_ANALYZER_NONNULL = YES;
				CLANG_ANALYZER_NUMBER_OBJECT_CONVERSION = YES_AGGRESSIVE;
				CLANG_CXX_LANGUAGE_STANDARD = "gnu++20";
				CLANG_ENABLE_MODULES = YES;
				CLANG_ENABLE_OBJC_ARC = YES;
				CLANG_ENABLE_OBJC_WEAK = YES;
				CLANG_WARN_BLOCK_CAPTURE_AUTORELEASING = YES;
				CLANG_WARN_BOOL_CONVERSION = YES;
				CLANG_WARN_COMMA = YES;
				CLANG_WARN_CONSTANT_CONVERSION = YES;
				CLANG_WARN_DEPRECATED_OBJC_IMPLEMENTATIONS = YES;
				CLANG_WARN_DIRECT_OBJC_ISA_USAGE = YES_ERROR;
				CLANG_WARN_DOCUMENTATION_COMMENTS = YES;
				CLANG_WARN_EMPTY_BODY = YES;
				CLANG_WARN_ENUM_CONVERSION = YES;
				CLANG_WARN_INFINITE_RECURSION = YES;
				CLANG_WARN_INT_CONVERSION = YES;
				CLANG_WARN_NON_LITERAL_NULL_CONVERSION = YES;
				CLANG_WARN_OBJC_IMPLICIT_RETAIN_SELF = YES;
				CLANG_WARN_OBJC_LITERAL_CONVERSION = YES;
				CLANG_WARN_OBJC_ROOT_CLASS = YES_ERROR;
				CLANG_WARN_QUOTED_INCLUDE_IN_FRAMEWORK_HEADER = YES;
				CLANG_WARN_RANGE_LOOP_ANALYSIS = YES;
				CLANG_WARN_STRICT_PROTOTYPES = YES;
				CLANG_WARN_SUSPICIOUS_MOVE = YES;
				CLANG_WARN_UNGUARDED_AVAILABILITY = YES_AGGRESSIVE;
				CLANG_WARN_UNREACHABLE_CODE = YES;
				CLANG_WARN__DUPLICATE_METHOD_MATCH = YES;
				COPY_PHASE_STRIP = NO;
				DEBUG_INFORMATION_FORMAT = "dwarf-with-dsym";
				ENABLE_NS_ASSERTIONS = NO;
				ENABLE_STRICT_OBJC_MSGSEND = YES;
				GCC_C_LANGUAGE_STANDARD = gnu11;
				GCC_NO_COMMON_BLOCKS = YES;
				GCC_WARN_64_TO_32_BIT_CONVERSION = YES;
				GCC_WARN_ABOUT_RETURN_TYPE = YES_ERROR;
				GCC_WARN_UNDECLARED_SELECTOR = YES;
				GCC_WARN_UNINITIALIZED_AUTOS = YES_AGGRESSIVE;
				GCC_WARN_UNUSED_FUNCTION = YES;
				GCC_WARN_UNUSED_VARIABLE = YES;
				IPHONEOS_DEPLOYMENT_TARGET = 16.4;
				MTL_ENABLE_DEBUG_INFO = NO;
				MTL_FAST_MATH = YES;
				SDKROOT = iphoneos;
				SWIFT_COMPILATION_MODE = wholemodule;
				SWIFT_OPTIMIZATION_LEVEL = "-O";
				VALIDATE_PRODUCT = YES;
			};
			name = Release;
		};
		437AB3722A444A1000820508 /* Debug */ = {
			isa = XCBuildConfiguration;
			buildSettings = {
				ASSETCATALOG_COMPILER_APPICON_NAME = AppIcon;
				ASSETCATALOG_COMPILER_GLOBAL_ACCENT_COLOR_NAME = AccentColor;
				CODE_SIGN_STYLE = Automatic;
				CURRENT_PROJECT_VERSION = 1;
				DEVELOPMENT_TEAM = 6F9MC57H6B;
				GENERATE_INFOPLIST_FILE = YES;
				INFOPLIST_FILE = MyWeatherApp/Info.plist;
				INFOPLIST_KEY_UIApplicationSupportsIndirectInputEvents = YES;
				INFOPLIST_KEY_UILaunchStoryboardName = LaunchScreen;
				INFOPLIST_KEY_UIStatusBarStyle = UIStatusBarStyleLightContent;
				INFOPLIST_KEY_UISupportedInterfaceOrientations = UIInterfaceOrientationPortrait;
				INFOPLIST_KEY_UISupportedInterfaceOrientations_iPad = "UIInterfaceOrientationLandscapeLeft UIInterfaceOrientationLandscapeRight UIInterfaceOrientationPortrait UIInterfaceOrientationPortraitUpsideDown";
				IPHONEOS_DEPLOYMENT_TARGET = 15.6;
				LD_RUNPATH_SEARCH_PATHS = (
					"$(inherited)",
					"@executable_path/Frameworks",
				);
				MARKETING_VERSION = 1.0;
				PRODUCT_BUNDLE_IDENTIFIER = com.ajimi.MyWeatherApp;
				PRODUCT_NAME = "$(TARGET_NAME)";
				SUPPORTED_PLATFORMS = "iphoneos iphonesimulator";
				SUPPORTS_MACCATALYST = NO;
				SUPPORTS_MAC_DESIGNED_FOR_IPHONE_IPAD = YES;
				SWIFT_EMIT_LOC_STRINGS = YES;
				SWIFT_VERSION = 5.0;
				TARGETED_DEVICE_FAMILY = 1;
			};
			name = Debug;
		};
		437AB3732A444A1000820508 /* Release */ = {
			isa = XCBuildConfiguration;
			buildSettings = {
				ASSETCATALOG_COMPILER_APPICON_NAME = AppIcon;
				ASSETCATALOG_COMPILER_GLOBAL_ACCENT_COLOR_NAME = AccentColor;
				CODE_SIGN_STYLE = Automatic;
				CURRENT_PROJECT_VERSION = 1;
				DEVELOPMENT_TEAM = 6F9MC57H6B;
				GENERATE_INFOPLIST_FILE = YES;
				INFOPLIST_FILE = MyWeatherApp/Info.plist;
				INFOPLIST_KEY_UIApplicationSupportsIndirectInputEvents = YES;
				INFOPLIST_KEY_UILaunchStoryboardName = LaunchScreen;
				INFOPLIST_KEY_UIStatusBarStyle = UIStatusBarStyleLightContent;
				INFOPLIST_KEY_UISupportedInterfaceOrientations = UIInterfaceOrientationPortrait;
				INFOPLIST_KEY_UISupportedInterfaceOrientations_iPad = "UIInterfaceOrientationLandscapeLeft UIInterfaceOrientationLandscapeRight UIInterfaceOrientationPortrait UIInterfaceOrientationPortraitUpsideDown";
				IPHONEOS_DEPLOYMENT_TARGET = 15.6;
				LD_RUNPATH_SEARCH_PATHS = (
					"$(inherited)",
					"@executable_path/Frameworks",
				);
				MARKETING_VERSION = 1.0;
				PRODUCT_BUNDLE_IDENTIFIER = com.ajimi.MyWeatherApp;
				PRODUCT_NAME = "$(TARGET_NAME)";
				SUPPORTED_PLATFORMS = "iphoneos iphonesimulator";
				SUPPORTS_MACCATALYST = NO;
				SUPPORTS_MAC_DESIGNED_FOR_IPHONE_IPAD = YES;
				SWIFT_EMIT_LOC_STRINGS = YES;
				SWIFT_VERSION = 5.0;
				TARGETED_DEVICE_FAMILY = 1;
			};
			name = Release;
		};
		437AB3752A444A1000820508 /* Debug */ = {
			isa = XCBuildConfiguration;
			buildSettings = {
				ALWAYS_EMBED_SWIFT_STANDARD_LIBRARIES = YES;
				BUNDLE_LOADER = "$(TEST_HOST)";
				CODE_SIGN_STYLE = Automatic;
				CURRENT_PROJECT_VERSION = 1;
				DEVELOPMENT_TEAM = 6F9MC57H6B;
				GENERATE_INFOPLIST_FILE = YES;
				IPHONEOS_DEPLOYMENT_TARGET = 16.4;
				MARKETING_VERSION = 1.0;
				PRODUCT_BUNDLE_IDENTIFIER = com.ajimi.MyWeatherAppTests;
				PRODUCT_NAME = "$(TARGET_NAME)";
				SWIFT_EMIT_LOC_STRINGS = NO;
				SWIFT_VERSION = 5.0;
				TARGETED_DEVICE_FAMILY = "1,2";
				TEST_HOST = "$(BUILT_PRODUCTS_DIR)/MyWeatherApp.app/$(BUNDLE_EXECUTABLE_FOLDER_PATH)/MyWeatherApp";
			};
			name = Debug;
		};
		437AB3762A444A1000820508 /* Release */ = {
			isa = XCBuildConfiguration;
			buildSettings = {
				ALWAYS_EMBED_SWIFT_STANDARD_LIBRARIES = YES;
				BUNDLE_LOADER = "$(TEST_HOST)";
				CODE_SIGN_STYLE = Automatic;
				CURRENT_PROJECT_VERSION = 1;
				DEVELOPMENT_TEAM = 6F9MC57H6B;
				GENERATE_INFOPLIST_FILE = YES;
				IPHONEOS_DEPLOYMENT_TARGET = 16.4;
				MARKETING_VERSION = 1.0;
				PRODUCT_BUNDLE_IDENTIFIER = com.ajimi.MyWeatherAppTests;
				PRODUCT_NAME = "$(TARGET_NAME)";
				SWIFT_EMIT_LOC_STRINGS = NO;
				SWIFT_VERSION = 5.0;
				TARGETED_DEVICE_FAMILY = "1,2";
				TEST_HOST = "$(BUILT_PRODUCTS_DIR)/MyWeatherApp.app/$(BUNDLE_EXECUTABLE_FOLDER_PATH)/MyWeatherApp";
			};
			name = Release;
		};
		437AB3782A444A1000820508 /* Debug */ = {
			isa = XCBuildConfiguration;
			buildSettings = {
				ALWAYS_EMBED_SWIFT_STANDARD_LIBRARIES = YES;
				CODE_SIGN_STYLE = Automatic;
				CURRENT_PROJECT_VERSION = 1;
				DEVELOPMENT_TEAM = 6F9MC57H6B;
				GENERATE_INFOPLIST_FILE = YES;
				MARKETING_VERSION = 1.0;
				PRODUCT_BUNDLE_IDENTIFIER = com.ajimi.MyWeatherAppUITests;
				PRODUCT_NAME = "$(TARGET_NAME)";
				SWIFT_EMIT_LOC_STRINGS = NO;
				SWIFT_VERSION = 5.0;
				TARGETED_DEVICE_FAMILY = "1,2";
				TEST_TARGET_NAME = MyWeatherApp;
			};
			name = Debug;
		};
		437AB3792A444A1000820508 /* Release */ = {
			isa = XCBuildConfiguration;
			buildSettings = {
				ALWAYS_EMBED_SWIFT_STANDARD_LIBRARIES = YES;
				CODE_SIGN_STYLE = Automatic;
				CURRENT_PROJECT_VERSION = 1;
				DEVELOPMENT_TEAM = 6F9MC57H6B;
				GENERATE_INFOPLIST_FILE = YES;
				MARKETING_VERSION = 1.0;
				PRODUCT_BUNDLE_IDENTIFIER = com.ajimi.MyWeatherAppUITests;
				PRODUCT_NAME = "$(TARGET_NAME)";
				SWIFT_EMIT_LOC_STRINGS = NO;
				SWIFT_VERSION = 5.0;
				TARGETED_DEVICE_FAMILY = "1,2";
				TEST_TARGET_NAME = MyWeatherApp;
			};
			name = Release;
		};
/* End XCBuildConfiguration section */

/* Begin XCConfigurationList section */
		437AB33F2A444A0E00820508 /* Build configuration list for PBXProject "MyWeatherApp" */ = {
			isa = XCConfigurationList;
			buildConfigurations = (
				437AB36F2A444A1000820508 /* Debug */,
				437AB3702A444A1000820508 /* Release */,
			);
			defaultConfigurationIsVisible = 0;
			defaultConfigurationName = Release;
		};
		437AB3712A444A1000820508 /* Build configuration list for PBXNativeTarget "MyWeatherApp" */ = {
			isa = XCConfigurationList;
			buildConfigurations = (
				437AB3722A444A1000820508 /* Debug */,
				437AB3732A444A1000820508 /* Release */,
			);
			defaultConfigurationIsVisible = 0;
			defaultConfigurationName = Release;
		};
		437AB3742A444A1000820508 /* Build configuration list for PBXNativeTarget "MyWeatherAppTests" */ = {
			isa = XCConfigurationList;
			buildConfigurations = (
				437AB3752A444A1000820508 /* Debug */,
				437AB3762A444A1000820508 /* Release */,
			);
			defaultConfigurationIsVisible = 0;
			defaultConfigurationName = Release;
		};
		437AB3772A444A1000820508 /* Build configuration list for PBXNativeTarget "MyWeatherAppUITests" */ = {
			isa = XCConfigurationList;
			buildConfigurations = (
				437AB3782A444A1000820508 /* Debug */,
				437AB3792A444A1000820508 /* Release */,
			);
			defaultConfigurationIsVisible = 0;
			defaultConfigurationName = Release;
		};
/* End XCConfigurationList section */

/* Begin XCRemoteSwiftPackageReference section */
		43A6F34C2A49D187008B6BB5 /* XCRemoteSwiftPackageReference "MyWeatherLib" */ = {
			isa = XCRemoteSwiftPackageReference;
			repositoryURL = "https://github.com/FaresAJ/MyWeatherLib.git";
			requirement = {
				branch = main;
				kind = branch;
			};
		};
/* End XCRemoteSwiftPackageReference section */

/* Begin XCSwiftPackageProductDependency section */
		43A6F34D2A49D187008B6BB5 /* MyWeatherLib */ = {
			isa = XCSwiftPackageProductDependency;
			package = 43A6F34C2A49D187008B6BB5 /* XCRemoteSwiftPackageReference "MyWeatherLib" */;
			productName = MyWeatherLib;
		};
/* End XCSwiftPackageProductDependency section */

/* Begin XCVersionGroup section */
		437AB3502A444A0E00820508 /* MyWeatherApp.xcdatamodeld */ = {
			isa = XCVersionGroup;
			children = (
				437AB3512A444A0E00820508 /* MyWeatherApp.xcdatamodel */,
			);
			currentVersion = 437AB3512A444A0E00820508 /* MyWeatherApp.xcdatamodel */;
			path = MyWeatherApp.xcdatamodeld;
			sourceTree = "<group>";
			versionGroupType = wrapper.xcdatamodel;
		};
/* End XCVersionGroup section */
	};
	rootObject = 437AB33C2A444A0E00820508 /* Project object */;
}
